
Microsoft Visual Studio Solution File, Format Version 12.00
# Visual Studio Version 17
VisualStudioVersion = 17.11.35312.102
MinimumVisualStudioVersion = 10.0.40219.1
Project("{FAE04EC0-301F-11D3-BF4B-00C04F79EFBC}") = "TesteNegocieOnline", "TesteNegocieOnline\TesteNegocieOnline.csproj", "{DE6915F2-A0DB-4977-9931-D47B5CFA98CD}"
EndProject
Global
	GlobalSection(SolutionConfigurationPlatforms) = preSolution
		Debug|Any CPU = Debug|Any CPU
		Release|Any CPU = Release|Any CPU
	EndGlobalSection
	GlobalSection(ProjectConfigurationPlatforms) = postSolution
		{DE6915F2-A0DB-4977-9931-D47B5CFA98CD}.Debug|Any CPU.ActiveCfg = Debug|Any CPU
		{DE6915F2-A0DB-4977-9931-D47B5CFA98CD}.Debug|Any CPU.Build.0 = Debug|Any CPU
		{DE6915F2-A0DB-4977-9931-D47B5CFA98CD}.Release|Any CPU.ActiveCfg = Release|Any CPU
		{DE6915F2-A0DB-4977-9931-D47B5CFA98CD}.Release|Any CPU.Build.0 = Release|Any CPU
	EndGlobalSection
	GlobalSection(SolutionProperties) = preSolution
		HideSolutionNode = FALSE
	EndGlobalSection
	GlobalSection(ExtensibilityGlobals) = postSolution
		SolutionGuid = {CF1F7BD6-8E93-4DEA-A573-B59DC1A99A6F}
	EndGlobalSection
EndGlobal
